
Microsoft Visual Studio Solution File, Format Version 12.00
# Visual Studio Version 16
VisualStudioVersion = 16.0.30309.148
MinimumVisualStudioVersion = 10.0.40219.1
Project("{9A19103F-16F7-4668-BE54-9A1E7A4F7556}") = "SignalR", "SignalR\SignalR.csproj", "{0DF59CF4-6659-4F5E-ABCA-ADD64B6D971B}"
EndProject
Project("{9A19103F-16F7-4668-BE54-9A1E7A4F7556}") = "DobbleManager", "DobbleManager\DobbleManager.csproj", "{FE5865F8-78C0-4B2E-9041-A8552C23A99B}"
EndProject
Project("{9A19103F-16F7-4668-BE54-9A1E7A4F7556}") = "DobbleManagerTests", "DobbleManagerTests\DobbleManagerTests.csproj", "{654E5389-0A41-484C-925F-1B19B835C6E9}"
EndProject
Project("{9A19103F-16F7-4668-BE54-9A1E7A4F7556}") = "DobbleWeb", "DobbleWeb\DobbleWeb.csproj", "{DEEB689D-031C-4DF9-9D8F-52399E7FB708}"
EndProject
Global
	GlobalSection(SolutionConfigurationPlatforms) = preSolution
		Debug|Any CPU = Debug|Any CPU
		Release|Any CPU = Release|Any CPU
	EndGlobalSection
	GlobalSection(ProjectConfigurationPlatforms) = postSolution
		{0DF59CF4-6659-4F5E-ABCA-ADD64B6D971B}.Debug|Any CPU.ActiveCfg = Debug|Any CPU
		{0DF59CF4-6659-4F5E-ABCA-ADD64B6D971B}.Debug|Any CPU.Build.0 = Debug|Any CPU
		{0DF59CF4-6659-4F5E-ABCA-ADD64B6D971B}.Release|Any CPU.ActiveCfg = Release|Any CPU
		{0DF59CF4-6659-4F5E-ABCA-ADD64B6D971B}.Release|Any CPU.Build.0 = Release|Any CPU
		{FE5865F8-78C0-4B2E-9041-A8552C23A99B}.Debug|Any CPU.ActiveCfg = Debug|Any CPU
		{FE5865F8-78C0-4B2E-9041-A8552C23A99B}.Debug|Any CPU.Build.0 = Debug|Any CPU
		{FE5865F8-78C0-4B2E-9041-A8552C23A99B}.Release|Any CPU.ActiveCfg = Release|Any CPU
		{FE5865F8-78C0-4B2E-9041-A8552C23A99B}.Release|Any CPU.Build.0 = Release|Any CPU
		{654E5389-0A41-484C-925F-1B19B835C6E9}.Debug|Any CPU.ActiveCfg = Debug|Any CPU
		{654E5389-0A41-484C-925F-1B19B835C6E9}.Debug|Any CPU.Build.0 = Debug|Any CPU
		{654E5389-0A41-484C-925F-1B19B835C6E9}.Release|Any CPU.ActiveCfg = Release|Any CPU
		{654E5389-0A41-484C-925F-1B19B835C6E9}.Release|Any CPU.Build.0 = Release|Any CPU
		{DEEB689D-031C-4DF9-9D8F-52399E7FB708}.Debug|Any CPU.ActiveCfg = Debug|Any CPU
		{DEEB689D-031C-4DF9-9D8F-52399E7FB708}.Debug|Any CPU.Build.0 = Debug|Any CPU
		{DEEB689D-031C-4DF9-9D8F-52399E7FB708}.Release|Any CPU.ActiveCfg = Release|Any CPU
		{DEEB689D-031C-4DF9-9D8F-52399E7FB708}.Release|Any CPU.Build.0 = Release|Any CPU
	EndGlobalSection
	GlobalSection(SolutionProperties) = preSolution
		HideSolutionNode = FALSE
	EndGlobalSection
	GlobalSection(ExtensibilityGlobals) = postSolution
		SolutionGuid = {F102F05B-8B9D-4A36-8B6D-A12E62811D3A}
	EndGlobalSection
EndGlobal
